
Microsoft Visual Studio Solution File, Format Version 12.00
# Visual Studio Version 16
VisualStudioVersion = 16.0.29009.5
MinimumVisualStudioVersion = 10.0.40219.1
Project("{FAE04EC0-301F-11D3-BF4B-00C04F79EFBC}") = "bai_13", "bai_13\bai_13.csproj", "{75BB19F0-322F-46FF-B547-1684E6E87AD8}"
EndProject
Global
	GlobalSection(SolutionConfigurationPlatforms) = preSolution
		Debug|Any CPU = Debug|Any CPU
		Release|Any CPU = Release|Any CPU
	EndGlobalSection
	GlobalSection(ProjectConfigurationPlatforms) = postSolution
		{75BB19F0-322F-46FF-B547-1684E6E87AD8}.Debug|Any CPU.ActiveCfg = Debug|Any CPU
		{75BB19F0-322F-46FF-B547-1684E6E87AD8}.Debug|Any CPU.Build.0 = Debug|Any CPU
		{75BB19F0-322F-46FF-B547-1684E6E87AD8}.Release|Any CPU.ActiveCfg = Release|Any CPU
		{75BB19F0-322F-46FF-B547-1684E6E87AD8}.Release|Any CPU.Build.0 = Release|Any CPU
	EndGlobalSection
	GlobalSection(SolutionProperties) = preSolution
		HideSolutionNode = FALSE
	EndGlobalSection
	GlobalSection(ExtensibilityGlobals) = postSolution
		SolutionGuid = {7B47E4CE-5414-48F3-A6BE-5DF6A36280BC}
	EndGlobalSection
EndGlobal
